dependencies:
- name: kube-prometheus-stack
  repository: https://prometheus-community.github.io/helm-charts
  version: 14.3.0
- name: prometheus-pushgateway
  repository: https://prometheus-community.github.io/helm-charts
  version: 1.7.1
- name: prometheus-kafka-exporter
  repository: https://prometheus-community.github.io/helm-charts
  version: 1.0.0
- name: prometheus-elasticsearch-exporter
  repository: https://prometheus-community.github.io/helm-charts
  version: 4.3.0
digest: sha256:3888ec9379c10be5c5c2f79f1c0944318341c596918f37f091dd3685c2824186
generated: "2021-03-23T11:38:10.749875-04:00"
